
Microsoft Visual Studio Solution File, Format Version 12.00
# Visual Studio Version 16
VisualStudioVersion = 16.0.31729.503
MinimumVisualStudioVersion = 10.0.40219.1
Project("{FAE04EC0-301F-11D3-BF4B-00C04F79EFBC}") = "TestingTesting", "TestingTesting\TestingTesting.csproj", "{9F02A8F5-65EC-45FC-A33C-8F149DDFA711}"
EndProject
Project("{FAE04EC0-301F-11D3-BF4B-00C04F79EFBC}") = "TestLibrary", "TestLibrary\TestLibrary.csproj", "{E0A891D9-39B7-4737-AE36-D45A26A465E2}"
EndProject
Project("{FAE04EC0-301F-11D3-BF4B-00C04F79EFBC}") = "TestingTestingLibrary", "TestingTestingLibrary\TestingTestingLibrary.csproj", "{7DF7E24A-BD22-49C9-90D0-376191C319BC}"
EndProject
Global
	GlobalSection(SolutionConfigurationPlatforms) = preSolution
		Debug|Any CPU = Debug|Any CPU
		Release|Any CPU = Release|Any CPU
	EndGlobalSection
	GlobalSection(ProjectConfigurationPlatforms) = postSolution
		{9F02A8F5-65EC-45FC-A33C-8F149DDFA711}.Debug|Any CPU.ActiveCfg = Debug|Any CPU
		{9F02A8F5-65EC-45FC-A33C-8F149DDFA711}.Debug|Any CPU.Build.0 = Debug|Any CPU
		{9F02A8F5-65EC-45FC-A33C-8F149DDFA711}.Release|Any CPU.ActiveCfg = Release|Any CPU
		{9F02A8F5-65EC-45FC-A33C-8F149DDFA711}.Release|Any CPU.Build.0 = Release|Any CPU
		{E0A891D9-39B7-4737-AE36-D45A26A465E2}.Debug|Any CPU.ActiveCfg = Debug|Any CPU
		{E0A891D9-39B7-4737-AE36-D45A26A465E2}.Debug|Any CPU.Build.0 = Debug|Any CPU
		{E0A891D9-39B7-4737-AE36-D45A26A465E2}.Release|Any CPU.ActiveCfg = Release|Any CPU
		{E0A891D9-39B7-4737-AE36-D45A26A465E2}.Release|Any CPU.Build.0 = Release|Any CPU
		{7DF7E24A-BD22-49C9-90D0-376191C319BC}.Debug|Any CPU.ActiveCfg = Debug|Any CPU
		{7DF7E24A-BD22-49C9-90D0-376191C319BC}.Debug|Any CPU.Build.0 = Debug|Any CPU
		{7DF7E24A-BD22-49C9-90D0-376191C319BC}.Release|Any CPU.ActiveCfg = Release|Any CPU
		{7DF7E24A-BD22-49C9-90D0-376191C319BC}.Release|Any CPU.Build.0 = Release|Any CPU
	EndGlobalSection
	GlobalSection(SolutionProperties) = preSolution
		HideSolutionNode = FALSE
	EndGlobalSection
	GlobalSection(ExtensibilityGlobals) = postSolution
		SolutionGuid = {40CE12F3-DFB3-411B-94F8-FDFFE2159B5F}
	EndGlobalSection
EndGlobal
